// !$*UTF8*$!
{
	archiveVersion = 1;
	classes = {
	};
	objectVersion = 50;
	objects = {

/* Begin PBXBuildFile section */
		8B0CB9362517ED8B00425566 /* AnimalView.swift in Sources */ = {isa = PBXBuildFile; fileRef = 8B0CB9352517ED8B00425566 /* AnimalView.swift */; };
		8B89CABA2518FF0E00E55EDD /* Cover.swift in Sources */ = {isa = PBXBuildFile; fileRef = 8B89CAB92518FF0E00E55EDD /* Cover.swift */; };
		8B89CABE2519087E00E55EDD /* PagingView.swift in Sources */ = {isa = PBXBuildFile; fileRef = 8B89CABD2519087E00E55EDD /* PagingView.swift */; };
		8B89CAC025190B2000E55EDD /* MapViewViewModel.swift in Sources */ = {isa = PBXBuildFile; fileRef = 8B89CABF25190B2000E55EDD /* MapViewViewModel.swift */; };
		8B89CAC225190B4500E55EDD /* Locations.swift in Sources */ = {isa = PBXBuildFile; fileRef = 8B89CAC125190B4500E55EDD /* Locations.swift */; };
		8B89CAC62519162200E55EDD /* CustomMapMarker.swift in Sources */ = {isa = PBXBuildFile; fileRef = 8B89CAC52519162200E55EDD /* CustomMapMarker.swift */; };
		8B89CAC82519192900E55EDD /* VideosView.swift in Sources */ = {isa = PBXBuildFile; fileRef = 8B89CAC72519192900E55EDD /* VideosView.swift */; };
		8B89CACA2519193600E55EDD /* VideosViewViewModel.swift in Sources */ = {isa = PBXBuildFile; fileRef = 8B89CAC92519193600E55EDD /* VideosViewViewModel.swift */; };
		8B89CACC2519195600E55EDD /* Video.swift in Sources */ = {isa = PBXBuildFile; fileRef = 8B89CACB2519195600E55EDD /* Video.swift */; };
		8B89CAD0251933BF00E55EDD /* VideoView.swift in Sources */ = {isa = PBXBuildFile; fileRef = 8B89CACF251933BF00E55EDD /* VideoView.swift */; };
		8B89CAD225193B4A00E55EDD /* RichLink.swift in Sources */ = {isa = PBXBuildFile; fileRef = 8B89CAD125193B4A00E55EDD /* RichLink.swift */; };
		8B89CAD42519463E00E55EDD /* MapViewMap.swift in Sources */ = {isa = PBXBuildFile; fileRef = 8B89CAD32519463E00E55EDD /* MapViewMap.swift */; };
		8BB4CA2F2517B6C10099ABC1 /* AfricaApp.swift in Sources */ = {isa = PBXBuildFile; fileRef = 8BB4CA2E2517B6C10099ABC1 /* AfricaApp.swift */; };
		8BB4CA312517B6C10099ABC1 /* ContentView.swift in Sources */ = {isa = PBXBuildFile; fileRef = 8BB4CA302517B6C10099ABC1 /* ContentView.swift */; };
		8BB4CA332517B6C20099ABC1 /* Assets.xcassets in Resources */ = {isa = PBXBuildFile; fileRef = 8BB4CA322517B6C20099ABC1 /* Assets.xcassets */; };
		8BB4CA362517B6C20099ABC1 /* Preview Assets.xcassets in Resources */ = {isa = PBXBuildFile; fileRef = 8BB4CA352517B6C20099ABC1 /* Preview Assets.xcassets */; };
		8BB4CA4A2517B8130099ABC1 /* zebra.mp4 in Resources */ = {isa = PBXBuildFile; fileRef = 8BB4CA402517B8100099ABC1 /* zebra.mp4 */; };
		8BB4CA4B2517B8130099ABC1 /* cheetah.mp4 in Resources */ = {isa = PBXBuildFile; fileRef = 8BB4CA412517B8100099ABC1 /* cheetah.mp4 */; };
		8BB4CA4C2517B8130099ABC1 /* lion.mp4 in Resources */ = {isa = PBXBuildFile; fileRef = 8BB4CA422517B8100099ABC1 /* lion.mp4 */; };
		8BB4CA4D2517B8130099ABC1 /* giraffe.mp4 in Resources */ = {isa = PBXBuildFile; fileRef = 8BB4CA432517B8110099ABC1 /* giraffe.mp4 */; };
		8BB4CA4E2517B8130099ABC1 /* gorilla.mp4 in Resources */ = {isa = PBXBuildFile; fileRef = 8BB4CA442517B8110099ABC1 /* gorilla.mp4 */; };
		8BB4CA502517B8130099ABC1 /* rhino.mp4 in Resources */ = {isa = PBXBuildFile; fileRef = 8BB4CA462517B8120099ABC1 /* rhino.mp4 */; };
		8BB4CA512517B8130099ABC1 /* hippo.mp4 in Resources */ = {isa = PBXBuildFile; fileRef = 8BB4CA472517B8130099ABC1 /* hippo.mp4 */; };
		8BB4CA522517B8130099ABC1 /* lioness.mp4 in Resources */ = {isa = PBXBuildFile; fileRef = 8BB4CA482517B8130099ABC1 /* lioness.mp4 */; };
		8BB4CA532517B8130099ABC1 /* ostrich.mp4 in Resources */ = {isa = PBXBuildFile; fileRef = 8BB4CA492517B8130099ABC1 /* ostrich.mp4 */; };
		8BB4CA582517B8270099ABC1 /* animals.json in Resources */ = {isa = PBXBuildFile; fileRef = 8BB4CA542517B8270099ABC1 /* animals.json */; };
		8BB4CA592517B8270099ABC1 /* covers.json in Resources */ = {isa = PBXBuildFile; fileRef = 8BB4CA552517B8270099ABC1 /* covers.json */; };
		8BB4CA5A2517B8270099ABC1 /* locations.json in Resources */ = {isa = PBXBuildFile; fileRef = 8BB4CA562517B8270099ABC1 /* locations.json */; };
		8BB4CA5B2517B8270099ABC1 /* videos.json in Resources */ = {isa = PBXBuildFile; fileRef = 8BB4CA572517B8270099ABC1 /* videos.json */; };
		8BB4CA652517B9DD0099ABC1 /* BrowseView.swift in Sources */ = {isa = PBXBuildFile; fileRef = 8BB4CA642517B9DD0099ABC1 /* BrowseView.swift */; };
		8BB4CA672517B9E20099ABC1 /* MapView.swift in Sources */ = {isa = PBXBuildFile; fileRef = 8BB4CA662517B9E20099ABC1 /* MapView.swift */; };
		8BB4CA692517B9E80099ABC1 /* GalleryView.swift in Sources */ = {isa = PBXBuildFile; fileRef = 8BB4CA682517B9E80099ABC1 /* GalleryView.swift */; };
		8BB4CA702517BB3E0099ABC1 /* AfricaAPI.swift in Sources */ = {isa = PBXBuildFile; fileRef = 8BB4CA6F2517BB3E0099ABC1 /* AfricaAPI.swift */; };
		8BB4CA722517BC5F0099ABC1 /* AfricaEndpoint.swift in Sources */ = {isa = PBXBuildFile; fileRef = 8BB4CA712517BC5F0099ABC1 /* AfricaEndpoint.swift */; };
		8BB4CA752517BE650099ABC1 /* Animal.swift in Sources */ = {isa = PBXBuildFile; fileRef = 8BB4CA742517BE650099ABC1 /* Animal.swift */; };
		8BB4CA772517C0AE0099ABC1 /* BrosweViewViewModel.swift in Sources */ = {isa = PBXBuildFile; fileRef = 8BB4CA762517C0AE0099ABC1 /* BrosweViewViewModel.swift */; };
		8BB4CA792517CE470099ABC1 /* BrosweCarousel.swift in Sources */ = {isa = PBXBuildFile; fileRef = 8BB4CA782517CE470099ABC1 /* BrosweCarousel.swift */; };
/* End PBXBuildFile section */

/* Begin PBXFileReference section */
		8B0CB9352517ED8B00425566 /* AnimalView.swift */ = {isa = PBXFileReference; lastKnownFileType = sourcecode.swift; path = AnimalView.swift; sourceTree = "<group>"; };
		8B89CAB92518FF0E00E55EDD /* Cover.swift */ = {isa = PBXFileReference; lastKnownFileType = sourcecode.swift; path = Cover.swift; sourceTree = "<group>"; };
		8B89CABD2519087E00E55EDD /* PagingView.swift */ = {isa = PBXFileReference; lastKnownFileType = sourcecode.swift; path = PagingView.swift; sourceTree = "<group>"; };
		8B89CABF25190B2000E55EDD /* MapViewViewModel.swift */ = {isa = PBXFileReference; lastKnownFileType = sourcecode.swift; path = MapViewViewModel.swift; sourceTree = "<group>"; };
		8B89CAC125190B4500E55EDD /* Locations.swift */ = {isa = PBXFileReference; lastKnownFileType = sourcecode.swift; path = Locations.swift; sourceTree = "<group>"; };
		8B89CAC52519162200E55EDD /* CustomMapMarker.swift */ = {isa = PBXFileReference; lastKnownFileType = sourcecode.swift; path = CustomMapMarker.swift; sourceTree = "<group>"; };
		8B89CAC72519192900E55EDD /* VideosView.swift */ = {isa = PBXFileReference; lastKnownFileType = sourcecode.swift; path = VideosView.swift; sourceTree = "<group>"; };
		8B89CAC92519193600E55EDD /* VideosViewViewModel.swift */ = {isa = PBXFileReference; lastKnownFileType = sourcecode.swift; path = VideosViewViewModel.swift; sourceTree = "<group>"; };
		8B89CACB2519195600E55EDD /* Video.swift */ = {isa = PBXFileReference; lastKnownFileType = sourcecode.swift; path = Video.swift; sourceTree = "<group>"; };
		8B89CACF251933BF00E55EDD /* VideoView.swift */ = {isa = PBXFileReference; lastKnownFileType = sourcecode.swift; path = VideoView.swift; sourceTree = "<group>"; };
		8B89CAD125193B4A00E55EDD /* RichLink.swift */ = {isa = PBXFileReference; lastKnownFileType = sourcecode.swift; path = RichLink.swift; sourceTree = "<group>"; };
		8B89CAD32519463E00E55EDD /* MapViewMap.swift */ = {isa = PBXFileReference; lastKnownFileType = sourcecode.swift; path = MapViewMap.swift; sourceTree = "<group>"; };
		8B89CAD525194ED600E55EDD /* README.md */ = {isa = PBXFileReference; lastKnownFileType = net.daringfireball.markdown; path = README.md; sourceTree = "<group>"; };
		8BB4CA2B2517B6C10099ABC1 /* Africa.app */ = {isa = PBXFileReference; explicitFileType = wrapper.application; includeInIndex = 0; path = Africa.app; sourceTree = BUILT_PRODUCTS_DIR; };
		8BB4CA2E2517B6C10099ABC1 /* AfricaApp.swift */ = {isa = PBXFileReference; lastKnownFileType = sourcecode.swift; path = AfricaApp.swift; sourceTree = "<group>"; };
		8BB4CA302517B6C10099ABC1 /* ContentView.swift */ = {isa = PBXFileReference; lastKnownFileType = sourcecode.swift; path = ContentView.swift; sourceTree = "<group>"; };
		8BB4CA322517B6C20099ABC1 /* Assets.xcassets */ = {isa = PBXFileReference; lastKnownFileType = folder.assetcatalog; path = Assets.xcassets; sourceTree = "<group>"; };
		8BB4CA352517B6C20099ABC1 /* Preview Assets.xcassets */ = {isa = PBXFileReference; lastKnownFileType = folder.assetcatalog; path = "Preview Assets.xcassets"; sourceTree = "<group>"; };
		8BB4CA372517B6C20099ABC1 /* Info.plist */ = {isa = PBXFileReference; lastKnownFileType = text.plist.xml; path = Info.plist; sourceTree = "<group>"; };
		8BB4CA402517B8100099ABC1 /* zebra.mp4 */ = {isa = PBXFileReference; lastKnownFileType = file; path = zebra.mp4; sourceTree = "<group>"; };
		8BB4CA412517B8100099ABC1 /* cheetah.mp4 */ = {isa = PBXFileReference; lastKnownFileType = file; path = cheetah.mp4; sourceTree = "<group>"; };
		8BB4CA422517B8100099ABC1 /* lion.mp4 */ = {isa = PBXFileReference; lastKnownFileType = file; path = lion.mp4; sourceTree = "<group>"; };
		8BB4CA432517B8110099ABC1 /* giraffe.mp4 */ = {isa = PBXFileReference; lastKnownFileType = file; path = giraffe.mp4; sourceTree = "<group>"; };
		8BB4CA442517B8110099ABC1 /* gorilla.mp4 */ = {isa = PBXFileReference; lastKnownFileType = file; path = gorilla.mp4; sourceTree = "<group>"; };
		8BB4CA462517B8120099ABC1 /* rhino.mp4 */ = {isa = PBXFileReference; lastKnownFileType = file; path = rhino.mp4; sourceTree = "<group>"; };
		8BB4CA472517B8130099ABC1 /* hippo.mp4 */ = {isa = PBXFileReference; lastKnownFileType = file; path = hippo.mp4; sourceTree = "<group>"; };
		8BB4CA482517B8130099ABC1 /* lioness.mp4 */ = {isa = PBXFileReference; lastKnownFileType = file; path = lioness.mp4; sourceTree = "<group>"; };
		8BB4CA492517B8130099ABC1 /* ostrich.mp4 */ = {isa = PBXFileReference; lastKnownFileType = file; path = ostrich.mp4; sourceTree = "<group>"; };
		8BB4CA542517B8270099ABC1 /* animals.json */ = {isa = PBXFileReference; fileEncoding = 4; lastKnownFileType = text.json; path = animals.json; sourceTree = "<group>"; };
		8BB4CA552517B8270099ABC1 /* covers.json */ = {isa = PBXFileReference; fileEncoding = 4; lastKnownFileType = text.json; path = covers.json; sourceTree = "<group>"; };
		8BB4CA562517B8270099ABC1 /* locations.json */ = {isa = PBXFileReference; fileEncoding = 4; lastKnownFileType = text.json; path = locations.json; sourceTree = "<group>"; };
		8BB4CA572517B8270099ABC1 /* videos.json */ = {isa = PBXFileReference; fileEncoding = 4; lastKnownFileType = text.json; path = videos.json; sourceTree = "<group>"; };
		8BB4CA642517B9DD0099ABC1 /* BrowseView.swift */ = {isa = PBXFileReference; lastKnownFileType = sourcecode.swift; path = BrowseView.swift; sourceTree = "<group>"; };
		8BB4CA662517B9E20099ABC1 /* MapView.swift */ = {isa = PBXFileReference; lastKnownFileType = sourcecode.swift; path = MapView.swift; sourceTree = "<group>"; };
		8BB4CA682517B9E80099ABC1 /* GalleryView.swift */ = {isa = PBXFileReference; lastKnownFileType = sourcecode.swift; path = GalleryView.swift; sourceTree = "<group>"; };
		8BB4CA6F2517BB3E0099ABC1 /* AfricaAPI.swift */ = {isa = PBXFileReference; lastKnownFileType = sourcecode.swift; path = AfricaAPI.swift; sourceTree = "<group>"; };
		8BB4CA712517BC5F0099ABC1 /* AfricaEndpoint.swift */ = {isa = PBXFileReference; lastKnownFileType = sourcecode.swift; path = AfricaEndpoint.swift; sourceTree = "<group>"; };
		8BB4CA742517BE650099ABC1 /* Animal.swift */ = {isa = PBXFileReference; lastKnownFileType = sourcecode.swift; path = Animal.swift; sourceTree = "<group>"; };
		8BB4CA762517C0AE0099ABC1 /* BrosweViewViewModel.swift */ = {isa = PBXFileReference; lastKnownFileType = sourcecode.swift; path = BrosweViewViewModel.swift; sourceTree = "<group>"; };
		8BB4CA782517CE470099ABC1 /* BrosweCarousel.swift */ = {isa = PBXFileReference; lastKnownFileType = sourcecode.swift; path = BrosweCarousel.swift; sourceTree = "<group>"; };
/* End PBXFileReference section */

/* Begin PBXFrameworksBuildPhase section */
		8BB4CA282517B6C10099ABC1 /* Frameworks */ = {
			isa = PBXFrameworksBuildPhase;
			buildActionMask = 2147483647;
			files = (
			);
			runOnlyForDeploymentPostprocessing = 0;
		};
/* End PBXFrameworksBuildPhase section */

/* Begin PBXGroup section */
		8B0CB9342517ED7E00425566 /* Animal */ = {
			isa = PBXGroup;
			children = (
				8B0CB9352517ED8B00425566 /* AnimalView.swift */,
			);
			path = Animal;
			sourceTree = "<group>";
		};
		8BB4CA222517B6C10099ABC1 = {
			isa = PBXGroup;
			children = (
				8B89CAD525194ED600E55EDD /* README.md */,
				8BB4CA2D2517B6C10099ABC1 /* Africa */,
				8BB4CA2C2517B6C10099ABC1 /* Products */,
			);
			sourceTree = "<group>";
		};
		8BB4CA2C2517B6C10099ABC1 /* Products */ = {
			isa = PBXGroup;
			children = (
				8BB4CA2B2517B6C10099ABC1 /* Africa.app */,
			);
			name = Products;
			sourceTree = "<group>";
		};
		8BB4CA2D2517B6C10099ABC1 /* Africa */ = {
			isa = PBXGroup;
			children = (
				8BB4CA3E2517B6E20099ABC1 /* Videos */,
				8BB4CA3D2517B6DC0099ABC1 /* Data */,
				8BB4CA3F2517B6E80099ABC1 /* App */,
				8BB4CA322517B6C20099ABC1 /* Assets.xcassets */,
				8BB4CA372517B6C20099ABC1 /* Info.plist */,
				8BB4CA342517B6C20099ABC1 /* Preview Content */,
			);
			path = Africa;
			sourceTree = "<group>";
		};
		8BB4CA342517B6C20099ABC1 /* Preview Content */ = {
			isa = PBXGroup;
			children = (
				8BB4CA352517B6C20099ABC1 /* Preview Assets.xcassets */,
			);
			path = "Preview Content";
			sourceTree = "<group>";
		};
		8BB4CA3D2517B6DC0099ABC1 /* Data */ = {
			isa = PBXGroup;
			children = (
				8BB4CA542517B8270099ABC1 /* animals.json */,
				8BB4CA552517B8270099ABC1 /* covers.json */,
				8BB4CA562517B8270099ABC1 /* locations.json */,
				8BB4CA572517B8270099ABC1 /* videos.json */,
			);
			path = Data;
			sourceTree = "<group>";
		};
		8BB4CA3E2517B6E20099ABC1 /* Videos */ = {
			isa = PBXGroup;
			children = (
				8BB4CA412517B8100099ABC1 /* cheetah.mp4 */,
				8BB4CA432517B8110099ABC1 /* giraffe.mp4 */,
				8BB4CA442517B8110099ABC1 /* gorilla.mp4 */,
				8BB4CA472517B8130099ABC1 /* hippo.mp4 */,
				8BB4CA422517B8100099ABC1 /* lion.mp4 */,
				8BB4CA482517B8130099ABC1 /* lioness.mp4 */,
				8BB4CA492517B8130099ABC1 /* ostrich.mp4 */,
				8BB4CA462517B8120099ABC1 /* rhino.mp4 */,
				8BB4CA402517B8100099ABC1 /* zebra.mp4 */,
			);
			path = Videos;
			sourceTree = "<group>";
		};
		8BB4CA3F2517B6E80099ABC1 /* App */ = {
			isa = PBXGroup;
			children = (
				8BB4CA5C2517B91D0099ABC1 /* Data */,
				8BB4CA5D2517B92E0099ABC1 /* View */,
				8BB4CA2E2517B6C10099ABC1 /* AfricaApp.swift */,
				8BB4CA302517B6C10099ABC1 /* ContentView.swift */,
			);
			path = App;
			sourceTree = "<group>";
		};
		8BB4CA5C2517B91D0099ABC1 /* Data */ = {
			isa = PBXGroup;
			children = (
				8BB4CA732517BE4F0099ABC1 /* Model */,
				8BB4CA6C2517BB250099ABC1 /* Network */,
			);
			path = Data;
			sourceTree = "<group>";
		};
		8BB4CA5D2517B92E0099ABC1 /* View */ = {
			isa = PBXGroup;
			children = (
				8BB4CA632517B9780099ABC1 /* Videos */,
				8BB4CA602517B95A0099ABC1 /* Gallery */,
				8BB4CA5F2517B9530099ABC1 /* Map */,
				8BB4CA5E2517B9340099ABC1 /* Browse */,
			);
			path = View;
			sourceTree = "<group>";
		};
		8BB4CA5E2517B9340099ABC1 /* Browse */ = {
			isa = PBXGroup;
			children = (
				8B0CB9342517ED7E00425566 /* Animal */,
				8BB4CA642517B9DD0099ABC1 /* BrowseView.swift */,
				8BB4CA762517C0AE0099ABC1 /* BrosweViewViewModel.swift */,
				8BB4CA782517CE470099ABC1 /* BrosweCarousel.swift */,
				8B89CABD2519087E00E55EDD /* PagingView.swift */,
				8B89CAD125193B4A00E55EDD /* RichLink.swift */,
			);
			path = Browse;
			sourceTree = "<group>";
		};
		8BB4CA5F2517B9530099ABC1 /* Map */ = {
			isa = PBXGroup;
			children = (
				8BB4CA662517B9E20099ABC1 /* MapView.swift */,
				8B89CABF25190B2000E55EDD /* MapViewViewModel.swift */,
				8B89CAC52519162200E55EDD /* CustomMapMarker.swift */,
				8B89CAD32519463E00E55EDD /* MapViewMap.swift */,
			);
			path = Map;
			sourceTree = "<group>";
		};
		8BB4CA602517B95A0099ABC1 /* Gallery */ = {
			isa = PBXGroup;
			children = (
				8BB4CA682517B9E80099ABC1 /* GalleryView.swift */,
			);
			path = Gallery;
			sourceTree = "<group>";
		};
		8BB4CA632517B9780099ABC1 /* Videos */ = {
			isa = PBXGroup;
			children = (
				8B89CAC72519192900E55EDD /* VideosView.swift */,
				8B89CAC92519193600E55EDD /* VideosViewViewModel.swift */,
				8B89CACF251933BF00E55EDD /* VideoView.swift */,
			);
			path = Videos;
			sourceTree = "<group>";
		};
		8BB4CA6C2517BB250099ABC1 /* Network */ = {
			isa = PBXGroup;
			children = (
				8BB4CA6F2517BB3E0099ABC1 /* AfricaAPI.swift */,
				8BB4CA712517BC5F0099ABC1 /* AfricaEndpoint.swift */,
			);
			path = Network;
			sourceTree = "<group>";
		};
		8BB4CA732517BE4F0099ABC1 /* Model */ = {
			isa = PBXGroup;
			children = (
				8BB4CA742517BE650099ABC1 /* Animal.swift */,
				8B89CAB92518FF0E00E55EDD /* Cover.swift */,
				8B89CAC125190B4500E55EDD /* Locations.swift */,
				8B89CACB2519195600E55EDD /* Video.swift */,
			);
			path = Model;
			sourceTree = "<group>";
		};
/* End PBXGroup section */

/* Begin PBXNativeTarget section */
		8BB4CA2A2517B6C10099ABC1 /* Africa */ = {
			isa = PBXNativeTarget;
			buildConfigurationList = 8BB4CA3A2517B6C20099ABC1 /* Build configuration list for PBXNativeTarget "Africa" */;
			buildPhases = (
				8BB4CA272517B6C10099ABC1 /* Sources */,
				8BB4CA282517B6C10099ABC1 /* Frameworks */,
				8BB4CA292517B6C10099ABC1 /* Resources */,
			);
			buildRules = (
			);
			dependencies = (
			);
			name = Africa;
			productName = Africa;
			productReference = 8BB4CA2B2517B6C10099ABC1 /* Africa.app */;
			productType = "com.apple.product-type.application";
		};
/* End PBXNativeTarget section */

/* Begin PBXProject section */
		8BB4CA232517B6C10099ABC1 /* Project object */ = {
			isa = PBXProject;
			attributes = {
				LastSwiftUpdateCheck = 1200;
				LastUpgradeCheck = 1200;
				TargetAttributes = {
					8BB4CA2A2517B6C10099ABC1 = {
						CreatedOnToolsVersion = 12.0;
					};
				};
			};
			buildConfigurationList = 8BB4CA262517B6C10099ABC1 /* Build configuration list for PBXProject "Africa" */;
			compatibilityVersion = "Xcode 9.3";
			developmentRegion = en;
			hasScannedForEncodings = 0;
			knownRegions = (
				en,
				Base,
			);
			mainGroup = 8BB4CA222517B6C10099ABC1;
			productRefGroup = 8BB4CA2C2517B6C10099ABC1 /* Products */;
			projectDirPath = "";
			projectRoot = "";
			targets = (
				8BB4CA2A2517B6C10099ABC1 /* Africa */,
			);
		};
/* End PBXProject section */

/* Begin PBXResourcesBuildPhase section */
		8BB4CA292517B6C10099ABC1 /* Resources */ = {
			isa = PBXResourcesBuildPhase;
			buildActionMask = 2147483647;
			files = (
				8BB4CA512517B8130099ABC1 /* hippo.mp4 in Resources */,
				8BB4CA522517B8130099ABC1 /* lioness.mp4 in Resources */,
				8BB4CA4B2517B8130099ABC1 /* cheetah.mp4 in Resources */,
				8BB4CA362517B6C20099ABC1 /* Preview Assets.xcassets in Resources */,
				8BB4CA4D2517B8130099ABC1 /* giraffe.mp4 in Resources */,
				8BB4CA502517B8130099ABC1 /* rhino.mp4 in Resources */,
				8BB4CA532517B8130099ABC1 /* ostrich.mp4 in Resources */,
				8BB4CA5A2517B8270099ABC1 /* locations.json in Resources */,
				8BB4CA592517B8270099ABC1 /* covers.json in Resources */,
				8BB4CA582517B8270099ABC1 /* animals.json in Resources */,
				8BB4CA4E2517B8130099ABC1 /* gorilla.mp4 in Resources */,
				8BB4CA4A2517B8130099ABC1 /* zebra.mp4 in Resources */,
				8BB4CA5B2517B8270099ABC1 /* videos.json in Resources */,
				8BB4CA4C2517B8130099ABC1 /* lion.mp4 in Resources */,
				8BB4CA332517B6C20099ABC1 /* Assets.xcassets in Resources */,
			);
			runOnlyForDeploymentPostprocessing = 0;
		};
/* End PBXResourcesBuildPhase section */

/* Begin PBXSourcesBuildPhase section */
		8BB4CA272517B6C10099ABC1 /* Sources */ = {
			isa = PBXSourcesBuildPhase;
			buildActionMask = 2147483647;
			files = (
				8B89CAC025190B2000E55EDD /* MapViewViewModel.swift in Sources */,
				8B0CB9362517ED8B00425566 /* AnimalView.swift in Sources */,
				8B89CAD42519463E00E55EDD /* MapViewMap.swift in Sources */,
				8BB4CA792517CE470099ABC1 /* BrosweCarousel.swift in Sources */,
				8BB4CA312517B6C10099ABC1 /* ContentView.swift in Sources */,
				8BB4CA722517BC5F0099ABC1 /* AfricaEndpoint.swift in Sources */,
				8B89CAC62519162200E55EDD /* CustomMapMarker.swift in Sources */,
				8BB4CA672517B9E20099ABC1 /* MapView.swift in Sources */,
				8BB4CA702517BB3E0099ABC1 /* AfricaAPI.swift in Sources */,
				8B89CAC225190B4500E55EDD /* Locations.swift in Sources */,
				8BB4CA772517C0AE0099ABC1 /* BrosweViewViewModel.swift in Sources */,
				8B89CAC82519192900E55EDD /* VideosView.swift in Sources */,
				8B89CACA2519193600E55EDD /* VideosViewViewModel.swift in Sources */,
				8BB4CA652517B9DD0099ABC1 /* BrowseView.swift in Sources */,
				8BB4CA2F2517B6C10099ABC1 /* AfricaApp.swift in Sources */,
				8BB4CA692517B9E80099ABC1 /* GalleryView.swift in Sources */,
				8B89CAD225193B4A00E55EDD /* RichLink.swift in Sources */,
				8B89CACC2519195600E55EDD /* Video.swift in Sources */,
				8B89CAD0251933BF00E55EDD /* VideoView.swift in Sources */,
				8B89CABE2519087E00E55EDD /* PagingView.swift in Sources */,
				8B89CABA2518FF0E00E55EDD /* Cover.swift in Sources */,
				8BB4CA752517BE650099ABC1 /* Animal.swift in Sources */,
			);
			runOnlyForDeploymentPostprocessing = 0;
		};
/* End PBXSourcesBuildPhase section */

/* Begin XCBuildConfiguration section */
		8BB4CA382517B6C20099ABC1 /* Debug */ = {
			isa = XCBuildConfiguration;
			buildSettings = {
				ALWAYS_SEARCH_USER_PATHS = NO;
				CLANG_ANALYZER_NONNULL = YES;
				CLANG_ANALYZER_NUMBER_OBJECT_CONVERSION = YES_AGGRESSIVE;
				CLANG_CXX_LANGUAGE_STANDARD = "gnu++14";
				CLANG_CXX_LIBRARY = "libc++";
				CLANG_ENABLE_MODULES = YES;
				CLANG_ENABLE_OBJC_ARC = YES;
				CLANG_ENABLE_OBJC_WEAK = YES;
				CLANG_WARN_BLOCK_CAPTURE_AUTORELEASING = YES;
				CLANG_WARN_BOOL_CONVERSION = YES;
				CLANG_WARN_COMMA = YES;
				CLANG_WARN_CONSTANT_CONVERSION = YES;
				CLANG_WARN_DEPRECATED_OBJC_IMPLEMENTATIONS = YES;
				CLANG_WARN_DIRECT_OBJC_ISA_USAGE = YES_ERROR;
				CLANG_WARN_DOCUMENTATION_COMMENTS = YES;
				CLANG_WARN_EMPTY_BODY = YES;
				CLANG_WARN_ENUM_CONVERSION = YES;
				CLANG_WARN_INFINITE_RECURSION = YES;
				CLANG_WARN_INT_CONVERSION = YES;
				CLANG_WARN_NON_LITERAL_NULL_CONVERSION = YES;
				CLANG_WARN_OBJC_IMPLICIT_RETAIN_SELF = YES;
				CLANG_WARN_OBJC_LITERAL_CONVERSION = YES;
				CLANG_WARN_OBJC_ROOT_CLASS = YES_ERROR;
				CLANG_WARN_QUOTED_INCLUDE_IN_FRAMEWORK_HEADER = YES;
				CLANG_WARN_RANGE_LOOP_ANALYSIS = YES;
				CLANG_WARN_STRICT_PROTOTYPES = YES;
				CLANG_WARN_SUSPICIOUS_MOVE = YES;
				CLANG_WARN_UNGUARDED_AVAILABILITY = YES_AGGRESSIVE;
				CLANG_WARN_UNREACHABLE_CODE = YES;
				CLANG_WARN__DUPLICATE_METHOD_MATCH = YES;
				COPY_PHASE_STRIP = NO;
				DEBUG_INFORMATION_FORMAT = dwarf;
				ENABLE_STRICT_OBJC_MSGSEND = YES;
				ENABLE_TESTABILITY = YES;
				GCC_C_LANGUAGE_STANDARD = gnu11;
				GCC_DYNAMIC_NO_PIC = NO;
				GCC_NO_COMMON_BLOCKS = YES;
				GCC_OPTIMIZATION_LEVEL = 0;
				GCC_PREPROCESSOR_DEFINITIONS = (
					"DEBUG=1",
					"$(inherited)",
				);
				GCC_WARN_64_TO_32_BIT_CONVERSION = YES;
				GCC_WARN_ABOUT_RETURN_TYPE = YES_ERROR;
				GCC_WARN_UNDECLARED_SELECTOR = YES;
				GCC_WARN_UNINITIALIZED_AUTOS = YES_AGGRESSIVE;
				GCC_WARN_UNUSED_FUNCTION = YES;
				GCC_WARN_UNUSED_VARIABLE = YES;
				IPHONEOS_DEPLOYMENT_TARGET = 14.0;
				MTL_ENABLE_DEBUG_INFO = INCLUDE_SOURCE;
				MTL_FAST_MATH = YES;
				ONLY_ACTIVE_ARCH = YES;
				SDKROOT = iphoneos;
				SWIFT_ACTIVE_COMPILATION_CONDITIONS = DEBUG;
				SWIFT_OPTIMIZATION_LEVEL = "-Onone";
			};
			name = Debug;
		};
		8BB4CA392517B6C20099ABC1 /* Release */ = {
			isa = XCBuildConfiguration;
			buildSettings = {
				ALWAYS_SEARCH_USER_PATHS = NO;
				CLANG_ANALYZER_NONNULL = YES;
				CLANG_ANALYZER_NUMBER_OBJECT_CONVERSION = YES_AGGRESSIVE;
				CLANG_CXX_LANGUAGE_STANDARD = "gnu++14";
				CLANG_CXX_LIBRARY = "libc++";
				CLANG_ENABLE_MODULES = YES;
				CLANG_ENABLE_OBJC_ARC = YES;
				CLANG_ENABLE_OBJC_WEAK = YES;
				CLANG_WARN_BLOCK_CAPTURE_AUTORELEASING = YES;
				CLANG_WARN_BOOL_CONVERSION = YES;
				CLANG_WARN_COMMA = YES;
				CLANG_WARN_CONSTANT_CONVERSION = YES;
				CLANG_WARN_DEPRECATED_OBJC_IMPLEMENTATIONS = YES;
				CLANG_WARN_DIRECT_OBJC_ISA_USAGE = YES_ERROR;
				CLANG_WARN_DOCUMENTATION_COMMENTS = YES;
				CLANG_WARN_EMPTY_BODY = YES;
				CLANG_WARN_ENUM_CONVERSION = YES;
				CLANG_WARN_INFINITE_RECURSION = YES;
				CLANG_WARN_INT_CONVERSION = YES;
				CLANG_WARN_NON_LITERAL_NULL_CONVERSION = YES;
				CLANG_WARN_OBJC_IMPLICIT_RETAIN_SELF = YES;
				CLANG_WARN_OBJC_LITERAL_CONVERSION = YES;
				CLANG_WARN_OBJC_ROOT_CLASS = YES_ERROR;
				CLANG_WARN_QUOTED_INCLUDE_IN_FRAMEWORK_HEADER = YES;
				CLANG_WARN_RANGE_LOOP_ANALYSIS = YES;
				CLANG_WARN_STRICT_PROTOTYPES = YES;
				CLANG_WARN_SUSPICIOUS_MOVE = YES;
				CLANG_WARN_UNGUARDED_AVAILABILITY = YES_AGGRESSIVE;
				CLANG_WARN_UNREACHABLE_CODE = YES;
				CLANG_WARN__DUPLICATE_METHOD_MATCH = YES;
				COPY_PHASE_STRIP = NO;
				DEBUG_INFORMATION_FORMAT = "dwarf-with-dsym";
				ENABLE_NS_ASSERTIONS = NO;
				ENABLE_STRICT_OBJC_MSGSEND = YES;
				GCC_C_LANGUAGE_STANDARD = gnu11;
				GCC_NO_COMMON_BLOCKS = YES;
				GCC_WARN_64_TO_32_BIT_CONVERSION = YES;
				GCC_WARN_ABOUT_RETURN_TYPE = YES_ERROR;
				GCC_WARN_UNDECLARED_SELECTOR = YES;
				GCC_WARN_UNINITIALIZED_AUTOS = YES_AGGRESSIVE;
				GCC_WARN_UNUSED_FUNCTION = YES;
				GCC_WARN_UNUSED_VARIABLE = YES;
				IPHONEOS_DEPLOYMENT_TARGET = 14.0;
				MTL_ENABLE_DEBUG_INFO = NO;
				MTL_FAST_MATH = YES;
				SDKROOT = iphoneos;
				SWIFT_COMPILATION_MODE = wholemodule;
				SWIFT_OPTIMIZATION_LEVEL = "-O";
				VALIDATE_PRODUCT = YES;
			};
			name = Release;
		};
		8BB4CA3B2517B6C20099ABC1 /* Debug */ = {
			isa = XCBuildConfiguration;
			buildSettings = {
				ASSETCATALOG_COMPILER_APPICON_NAME = AppIcon;
				ASSETCATALOG_COMPILER_GLOBAL_ACCENT_COLOR_NAME = AccentColor;
				CODE_SIGN_STYLE = Automatic;
				DEVELOPMENT_ASSET_PATHS = "\"Africa/Preview Content\"";
				DEVELOPMENT_TEAM = T2G36K8338;
				ENABLE_PREVIEWS = YES;
				INFOPLIST_FILE = Africa/Info.plist;
				IPHONEOS_DEPLOYMENT_TARGET = 14.0;
				LD_RUNPATH_SEARCH_PATHS = (
					"$(inherited)",
					"@executable_path/Frameworks",
				);
				PRODUCT_BUNDLE_IDENTIFIER = com.riccardocalligaro.Africa;
				PRODUCT_NAME = "$(TARGET_NAME)";
				SWIFT_VERSION = 5.0;
				TARGETED_DEVICE_FAMILY = "1,2";
			};
			name = Debug;
		};
		8BB4CA3C2517B6C20099ABC1 /* Release */ = {
			isa = XCBuildConfiguration;
			buildSettings = {
				ASSETCATALOG_COMPILER_APPICON_NAME = AppIcon;
				ASSETCATALOG_COMPILER_GLOBAL_ACCENT_COLOR_NAME = AccentColor;
				CODE_SIGN_STYLE = Automatic;
				DEVELOPMENT_ASSET_PATHS = "\"Africa/Preview Content\"";
				DEVELOPMENT_TEAM = T2G36K8338;
				ENABLE_PREVIEWS = YES;
				INFOPLIST_FILE = Africa/Info.plist;
				IPHONEOS_DEPLOYMENT_TARGET = 14.0;
				LD_RUNPATH_SEARCH_PATHS = (
					"$(inherited)",
					"@executable_path/Frameworks",
				);
				PRODUCT_BUNDLE_IDENTIFIER = com.riccardocalligaro.Africa;
				PRODUCT_NAME = "$(TARGET_NAME)";
				SWIFT_VERSION = 5.0;
				TARGETED_DEVICE_FAMILY = "1,2";
			};
			name = Release;
		};
/* End XCBuildConfiguration section */

/* Begin XCConfigurationList section */
		8BB4CA262517B6C10099ABC1 /* Build configuration list for PBXProject "Africa" */ = {
			isa = XCConfigurationList;
			buildConfigurations = (
				8BB4CA382517B6C20099ABC1 /* Debug */,
				8BB4CA392517B6C20099ABC1 /* Release */,
			);
			defaultConfigurationIsVisible = 0;
			defaultConfigurationName = Release;
		};
		8BB4CA3A2517B6C20099ABC1 /* Build configuration list for PBXNativeTarget "Africa" */ = {
			isa = XCConfigurationList;
			buildConfigurations = (
				8BB4CA3B2517B6C20099ABC1 /* Debug */,
				8BB4CA3C2517B6C20099ABC1 /* Release */,
			);
			defaultConfigurationIsVisible = 0;
			defaultConfigurationName = Release;
		};
/* End XCConfigurationList section */
	};
	rootObject = 8BB4CA232517B6C10099ABC1 /* Project object */;
}
